
Microsoft Visual Studio Solution File, Format Version 12.00
# Visual Studio Version 17
VisualStudioVersion = 17.1.32414.318
MinimumVisualStudioVersion = 10.0.40219.1
Project("{8BC9CEB8-8B4A-11D0-8D11-00A0C91BC942}") = "Sandbox", "Sandbox\Sandbox.vcxproj", "{70A710FE-D265-4E43-9B3F-FDBAAFB2C816}"
EndProject
Project("{8BC9CEB8-8B4A-11D0-8D11-00A0C91BC942}") = "BSS", "BSS\BSS.vcxproj", "{0528E3C5-C4DF-4758-A6D6-0B6D90E001DA}"
EndProject
Global
	GlobalSection(SolutionConfigurationPlatforms) = preSolution
		Debug|x64 = Debug|x64
		Release|x64 = Release|x64
	EndGlobalSection
	GlobalSection(ProjectConfigurationPlatforms) = postSolution
		{0528E3C5-C4DF-4758-A6D6-0B6D90E001DA}.Debug|x64.ActiveCfg = Debug|x64
		{0528E3C5-C4DF-4758-A6D6-0B6D90E001DA}.Debug|x64.Build.0 = Debug|x64
		{0528E3C5-C4DF-4758-A6D6-0B6D90E001DA}.Release|x64.ActiveCfg = Release|x64
		{0528E3C5-C4DF-4758-A6D6-0B6D90E001DA}.Release|x64.Build.0 = Release|x64
		{70A710FE-D265-4E43-9B3F-FDBAAFB2C816}.Debug|x64.ActiveCfg = Debug|x64
		{70A710FE-D265-4E43-9B3F-FDBAAFB2C816}.Debug|x64.Build.0 = Debug|x64
		{70A710FE-D265-4E43-9B3F-FDBAAFB2C816}.Release|x64.ActiveCfg = Release|x64
		{70A710FE-D265-4E43-9B3F-FDBAAFB2C816}.Release|x64.Build.0 = Release|x64
	EndGlobalSection
	GlobalSection(SolutionProperties) = preSolution
		HideSolutionNode = FALSE
	EndGlobalSection
	GlobalSection(ExtensibilityGlobals) = postSolution
		SolutionGuid = {1F3804B3-B046-42DD-ABAD-3A7BE89E75E2}
	EndGlobalSection
EndGlobal
