
Microsoft Visual Studio Solution File, Format Version 12.00
# Visual Studio Version 17
VisualStudioVersion = 17.1.32414.318
MinimumVisualStudioVersion = 10.0.40219.1
Project("{8BC9CEB8-8B4A-11D0-8D11-00A0C91BC942}") = "Box2D", "Gart\vendor\Box2D\Box2D.vcxproj", "{A434E80C-1049-10BE-D9CA-B31D459E0CEF}"
EndProject
Project("{8BC9CEB8-8B4A-11D0-8D11-00A0C91BC942}") = "GLFW", "Gart\vendor\GLFW\GLFW.vcxproj", "{154B857C-0182-860D-AA6E-6C109684020F}"
EndProject
Project("{8BC9CEB8-8B4A-11D0-8D11-00A0C91BC942}") = "Gart", "Gart\Gart.vcxproj", "{33AA857C-1FE1-860D-C8CD-6C10B4E3020F}"
EndProject
Project("{8BC9CEB8-8B4A-11D0-8D11-00A0C91BC942}") = "Gart-Editor", "Gart-Editor\Gart-Editor.vcxproj", "{87969D8D-F34B-1683-7C40-105AE8F40C87}"
EndProject
Project("{FAE04EC0-301F-11D3-BF4B-00C04F79EFBC}") = "Gart-ScriptCore", "Gart-ScriptCore\Gart-ScriptCore.csproj", "{BEDE4A7E-2A6A-B842-337B-3B379F851443}"
EndProject
Project("{8BC9CEB8-8B4A-11D0-8D11-00A0C91BC942}") = "Glad", "Gart\vendor\Glad\Glad.vcxproj", "{BDD6857C-A90D-870D-52FA-6C103E10030F}"
EndProject
Project("{8BC9CEB8-8B4A-11D0-8D11-00A0C91BC942}") = "ImGui", "Gart\vendor\ImGui\ImGui.vcxproj", "{C0FF640D-2C14-8DBE-F595-301E616989EF}"
EndProject
Project("{8BC9CEB8-8B4A-11D0-8D11-00A0C91BC942}") = "freetype", "Gart\vendor\msdf-atlas-gen\msdfgen\freetype\freetype.vcxproj", "{89895BD8-7556-B6E3-9E6F-A48B8A9BEB71}"
EndProject
Project("{8BC9CEB8-8B4A-11D0-8D11-00A0C91BC942}") = "msdf-atlas-gen", "Gart\vendor\msdf-atlas-gen\msdf-atlas-gen.vcxproj", "{38BD587B-248B-4C81-0D1F-BDA7F98B28E6}"
EndProject
Project("{8BC9CEB8-8B4A-11D0-8D11-00A0C91BC942}") = "msdfgen", "Gart\vendor\msdf-atlas-gen\msdfgen\msdfgen.vcxproj", "{8900D8DD-F5DF-5679-FEF7-E14F6A56BDDA}"
EndProject
Project("{8BC9CEB8-8B4A-11D0-8D11-00A0C91BC942}") = "tinyxml2", "Gart\vendor\msdf-atlas-gen\msdfgen\tinyxml2.vcxproj", "{8C609325-782D-EE30-A146-DCD88D7223BF}"
EndProject
Project("{8BC9CEB8-8B4A-11D0-8D11-00A0C91BC942}") = "yaml-cpp", "Gart\vendor\yaml-cpp\yaml-cpp.vcxproj", "{88F1A057-74BE-FB62-9DD7-E90A890331F1}"
EndProject
Global
	GlobalSection(SolutionConfigurationPlatforms) = preSolution
		Debug|x64 = Debug|x64
		Dist|x64 = Dist|x64
		Release|x64 = Release|x64
	EndGlobalSection
	GlobalSection(ProjectConfigurationPlatforms) = postSolution
		{A434E80C-1049-10BE-D9CA-B31D459E0CEF}.Debug|x64.ActiveCfg = Debug|x64
		{A434E80C-1049-10BE-D9CA-B31D459E0CEF}.Debug|x64.Build.0 = Debug|x64
		{A434E80C-1049-10BE-D9CA-B31D459E0CEF}.Dist|x64.ActiveCfg = Dist|x64
		{A434E80C-1049-10BE-D9CA-B31D459E0CEF}.Dist|x64.Build.0 = Dist|x64
		{A434E80C-1049-10BE-D9CA-B31D459E0CEF}.Release|x64.ActiveCfg = Release|x64
		{A434E80C-1049-10BE-D9CA-B31D459E0CEF}.Release|x64.Build.0 = Release|x64
		{154B857C-0182-860D-AA6E-6C109684020F}.Debug|x64.ActiveCfg = Debug|x64
		{154B857C-0182-860D-AA6E-6C109684020F}.Debug|x64.Build.0 = Debug|x64
		{154B857C-0182-860D-AA6E-6C109684020F}.Dist|x64.ActiveCfg = Dist|x64
		{154B857C-0182-860D-AA6E-6C109684020F}.Dist|x64.Build.0 = Dist|x64
		{154B857C-0182-860D-AA6E-6C109684020F}.Release|x64.ActiveCfg = Release|x64
		{154B857C-0182-860D-AA6E-6C109684020F}.Release|x64.Build.0 = Release|x64
		{33AA857C-1FE1-860D-C8CD-6C10B4E3020F}.Debug|x64.ActiveCfg = Debug|x64
		{33AA857C-1FE1-860D-C8CD-6C10B4E3020F}.Debug|x64.Build.0 = Debug|x64
		{33AA857C-1FE1-860D-C8CD-6C10B4E3020F}.Dist|x64.ActiveCfg = Dist|x64
		{33AA857C-1FE1-860D-C8CD-6C10B4E3020F}.Dist|x64.Build.0 = Dist|x64
		{33AA857C-1FE1-860D-C8CD-6C10B4E3020F}.Release|x64.ActiveCfg = Release|x64
		{33AA857C-1FE1-860D-C8CD-6C10B4E3020F}.Release|x64.Build.0 = Release|x64
		{87969D8D-F34B-1683-7C40-105AE8F40C87}.Debug|x64.ActiveCfg = Debug|x64
		{87969D8D-F34B-1683-7C40-105AE8F40C87}.Debug|x64.Build.0 = Debug|x64
		{87969D8D-F34B-1683-7C40-105AE8F40C87}.Dist|x64.ActiveCfg = Dist|x64
		{87969D8D-F34B-1683-7C40-105AE8F40C87}.Dist|x64.Build.0 = Dist|x64
		{87969D8D-F34B-1683-7C40-105AE8F40C87}.Release|x64.ActiveCfg = Release|x64
		{87969D8D-F34B-1683-7C40-105AE8F40C87}.Release|x64.Build.0 = Release|x64
		{BEDE4A7E-2A6A-B842-337B-3B379F851443}.Debug|x64.ActiveCfg = Debug|x64
		{BEDE4A7E-2A6A-B842-337B-3B379F851443}.Debug|x64.Build.0 = Debug|x64
		{BEDE4A7E-2A6A-B842-337B-3B379F851443}.Dist|x64.ActiveCfg = Dist|x64
		{BEDE4A7E-2A6A-B842-337B-3B379F851443}.Dist|x64.Build.0 = Dist|x64
		{BEDE4A7E-2A6A-B842-337B-3B379F851443}.Release|x64.ActiveCfg = Release|x64
		{BEDE4A7E-2A6A-B842-337B-3B379F851443}.Release|x64.Build.0 = Release|x64
		{BDD6857C-A90D-870D-52FA-6C103E10030F}.Debug|x64.ActiveCfg = Debug|x64
		{BDD6857C-A90D-870D-52FA-6C103E10030F}.Debug|x64.Build.0 = Debug|x64
		{BDD6857C-A90D-870D-52FA-6C103E10030F}.Dist|x64.ActiveCfg = Dist|x64
		{BDD6857C-A90D-870D-52FA-6C103E10030F}.Dist|x64.Build.0 = Dist|x64
		{BDD6857C-A90D-870D-52FA-6C103E10030F}.Release|x64.ActiveCfg = Release|x64
		{BDD6857C-A90D-870D-52FA-6C103E10030F}.Release|x64.Build.0 = Release|x64
		{C0FF640D-2C14-8DBE-F595-301E616989EF}.Debug|x64.ActiveCfg = Debug|x64
		{C0FF640D-2C14-8DBE-F595-301E616989EF}.Debug|x64.Build.0 = Debug|x64
		{C0FF640D-2C14-8DBE-F595-301E616989EF}.Dist|x64.ActiveCfg = Dist|x64
		{C0FF640D-2C14-8DBE-F595-301E616989EF}.Dist|x64.Build.0 = Dist|x64
		{C0FF640D-2C14-8DBE-F595-301E616989EF}.Release|x64.ActiveCfg = Release|x64
		{C0FF640D-2C14-8DBE-F595-301E616989EF}.Release|x64.Build.0 = Release|x64
		{89895BD8-7556-B6E3-9E6F-A48B8A9BEB71}.Debug|x64.ActiveCfg = Debug|x64
		{89895BD8-7556-B6E3-9E6F-A48B8A9BEB71}.Debug|x64.Build.0 = Debug|x64
		{89895BD8-7556-B6E3-9E6F-A48B8A9BEB71}.Dist|x64.ActiveCfg = Dist|x64
		{89895BD8-7556-B6E3-9E6F-A48B8A9BEB71}.Dist|x64.Build.0 = Dist|x64
		{89895BD8-7556-B6E3-9E6F-A48B8A9BEB71}.Release|x64.ActiveCfg = Release|x64
		{89895BD8-7556-B6E3-9E6F-A48B8A9BEB71}.Release|x64.Build.0 = Release|x64
		{38BD587B-248B-4C81-0D1F-BDA7F98B28E6}.Debug|x64.ActiveCfg = Debug|x64
		{38BD587B-248B-4C81-0D1F-BDA7F98B28E6}.Debug|x64.Build.0 = Debug|x64
		{38BD587B-248B-4C81-0D1F-BDA7F98B28E6}.Dist|x64.ActiveCfg = Dist|x64
		{38BD587B-248B-4C81-0D1F-BDA7F98B28E6}.Dist|x64.Build.0 = Dist|x64
		{38BD587B-248B-4C81-0D1F-BDA7F98B28E6}.Release|x64.ActiveCfg = Release|x64
		{38BD587B-248B-4C81-0D1F-BDA7F98B28E6}.Release|x64.Build.0 = Release|x64
		{8900D8DD-F5DF-5679-FEF7-E14F6A56BDDA}.Debug|x64.ActiveCfg = Debug|x64
		{8900D8DD-F5DF-5679-FEF7-E14F6A56BDDA}.Debug|x64.Build.0 = Debug|x64
		{8900D8DD-F5DF-5679-FEF7-E14F6A56BDDA}.Dist|x64.ActiveCfg = Dist|x64
		{8900D8DD-F5DF-5679-FEF7-E14F6A56BDDA}.Dist|x64.Build.0 = Dist|x64
		{8900D8DD-F5DF-5679-FEF7-E14F6A56BDDA}.Release|x64.ActiveCfg = Release|x64
		{8900D8DD-F5DF-5679-FEF7-E14F6A56BDDA}.Release|x64.Build.0 = Release|x64
		{8C609325-782D-EE30-A146-DCD88D7223BF}.Debug|x64.ActiveCfg = Debug|x64
		{8C609325-782D-EE30-A146-DCD88D7223BF}.Debug|x64.Build.0 = Debug|x64
		{8C609325-782D-EE30-A146-DCD88D7223BF}.Dist|x64.ActiveCfg = Dist|x64
		{8C609325-782D-EE30-A146-DCD88D7223BF}.Dist|x64.Build.0 = Dist|x64
		{8C609325-782D-EE30-A146-DCD88D7223BF}.Release|x64.ActiveCfg = Release|x64
		{8C609325-782D-EE30-A146-DCD88D7223BF}.Release|x64.Build.0 = Release|x64
		{88F1A057-74BE-FB62-9DD7-E90A890331F1}.Debug|x64.ActiveCfg = Debug|x64
		{88F1A057-74BE-FB62-9DD7-E90A890331F1}.Debug|x64.Build.0 = Debug|x64
		{88F1A057-74BE-FB62-9DD7-E90A890331F1}.Dist|x64.ActiveCfg = Dist|x64
		{88F1A057-74BE-FB62-9DD7-E90A890331F1}.Dist|x64.Build.0 = Dist|x64
		{88F1A057-74BE-FB62-9DD7-E90A890331F1}.Release|x64.ActiveCfg = Release|x64
		{88F1A057-74BE-FB62-9DD7-E90A890331F1}.Release|x64.Build.0 = Release|x64
	EndGlobalSection
	GlobalSection(SolutionProperties) = preSolution
		HideSolutionNode = FALSE
	EndGlobalSection
	GlobalSection(ExtensibilityGlobals) = postSolution
		SolutionGuid = {4AB2E98C-1411-4549-9B2F-996346E8075B}
	EndGlobalSection
EndGlobal
